
Microsoft Visual Studio Solution File, Format Version 12.00
# Visual Studio 15
VisualStudioVersion = 15.0.26124.0
MinimumVisualStudioVersion = 15.0.26124.0
Project("{FAE04EC0-301F-11D3-BF4B-00C04F79EFBC}") = "QueryBuilder", "QueryBuilder\QueryBuilder.csproj", "{1C0E7EE1-02C4-47AB-813A-01237B3A5F47}"
EndProject
Project("{FAE04EC0-301F-11D3-BF4B-00C04F79EFBC}") = "QueryBuilder-Parser", "QueryBuilder-Parser\QueryBuilder-Parser.csproj", "{9AE0C1D9-7AF7-48A4-8418-6DE484E93CAE}"
EndProject
Project("{FAE04EC0-301F-11D3-BF4B-00C04F79EFBC}") = "QueryBuilder-TestParser", "QueryBuilder-TestParser\QueryBuilder-TestParser.csproj", "{66AFDAAB-E3D1-422B-A2AF-A26C942E43BE}"
EndProject
Global
	GlobalSection(SolutionConfigurationPlatforms) = preSolution
		Debug|Any CPU = Debug|Any CPU
		Debug|x64 = Debug|x64
		Debug|x86 = Debug|x86
		Release|Any CPU = Release|Any CPU
		Release|x64 = Release|x64
		Release|x86 = Release|x86
	EndGlobalSection
	GlobalSection(SolutionProperties) = preSolution
		HideSolutionNode = FALSE
	EndGlobalSection
	GlobalSection(ProjectConfigurationPlatforms) = postSolution
		{1C0E7EE1-02C4-47AB-813A-01237B3A5F47}.Debug|Any CPU.ActiveCfg = Debug|Any CPU
		{1C0E7EE1-02C4-47AB-813A-01237B3A5F47}.Debug|Any CPU.Build.0 = Debug|Any CPU
		{1C0E7EE1-02C4-47AB-813A-01237B3A5F47}.Debug|x64.ActiveCfg = Debug|Any CPU
		{1C0E7EE1-02C4-47AB-813A-01237B3A5F47}.Debug|x64.Build.0 = Debug|Any CPU
		{1C0E7EE1-02C4-47AB-813A-01237B3A5F47}.Debug|x86.ActiveCfg = Debug|Any CPU
		{1C0E7EE1-02C4-47AB-813A-01237B3A5F47}.Debug|x86.Build.0 = Debug|Any CPU
		{1C0E7EE1-02C4-47AB-813A-01237B3A5F47}.Release|Any CPU.ActiveCfg = Release|Any CPU
		{1C0E7EE1-02C4-47AB-813A-01237B3A5F47}.Release|Any CPU.Build.0 = Release|Any CPU
		{1C0E7EE1-02C4-47AB-813A-01237B3A5F47}.Release|x64.ActiveCfg = Release|Any CPU
		{1C0E7EE1-02C4-47AB-813A-01237B3A5F47}.Release|x64.Build.0 = Release|Any CPU
		{1C0E7EE1-02C4-47AB-813A-01237B3A5F47}.Release|x86.ActiveCfg = Release|Any CPU
		{1C0E7EE1-02C4-47AB-813A-01237B3A5F47}.Release|x86.Build.0 = Release|Any CPU
		{9AE0C1D9-7AF7-48A4-8418-6DE484E93CAE}.Debug|Any CPU.ActiveCfg = Debug|Any CPU
		{9AE0C1D9-7AF7-48A4-8418-6DE484E93CAE}.Debug|Any CPU.Build.0 = Debug|Any CPU
		{9AE0C1D9-7AF7-48A4-8418-6DE484E93CAE}.Debug|x64.ActiveCfg = Debug|Any CPU
		{9AE0C1D9-7AF7-48A4-8418-6DE484E93CAE}.Debug|x64.Build.0 = Debug|Any CPU
		{9AE0C1D9-7AF7-48A4-8418-6DE484E93CAE}.Debug|x86.ActiveCfg = Debug|Any CPU
		{9AE0C1D9-7AF7-48A4-8418-6DE484E93CAE}.Debug|x86.Build.0 = Debug|Any CPU
		{9AE0C1D9-7AF7-48A4-8418-6DE484E93CAE}.Release|Any CPU.ActiveCfg = Release|Any CPU
		{9AE0C1D9-7AF7-48A4-8418-6DE484E93CAE}.Release|Any CPU.Build.0 = Release|Any CPU
		{9AE0C1D9-7AF7-48A4-8418-6DE484E93CAE}.Release|x64.ActiveCfg = Release|Any CPU
		{9AE0C1D9-7AF7-48A4-8418-6DE484E93CAE}.Release|x64.Build.0 = Release|Any CPU
		{9AE0C1D9-7AF7-48A4-8418-6DE484E93CAE}.Release|x86.ActiveCfg = Release|Any CPU
		{9AE0C1D9-7AF7-48A4-8418-6DE484E93CAE}.Release|x86.Build.0 = Release|Any CPU
		{66AFDAAB-E3D1-422B-A2AF-A26C942E43BE}.Debug|Any CPU.ActiveCfg = Debug|Any CPU
		{66AFDAAB-E3D1-422B-A2AF-A26C942E43BE}.Debug|Any CPU.Build.0 = Debug|Any CPU
		{66AFDAAB-E3D1-422B-A2AF-A26C942E43BE}.Debug|x64.ActiveCfg = Debug|Any CPU
		{66AFDAAB-E3D1-422B-A2AF-A26C942E43BE}.Debug|x64.Build.0 = Debug|Any CPU
		{66AFDAAB-E3D1-422B-A2AF-A26C942E43BE}.Debug|x86.ActiveCfg = Debug|Any CPU
		{66AFDAAB-E3D1-422B-A2AF-A26C942E43BE}.Debug|x86.Build.0 = Debug|Any CPU
		{66AFDAAB-E3D1-422B-A2AF-A26C942E43BE}.Release|Any CPU.ActiveCfg = Release|Any CPU
		{66AFDAAB-E3D1-422B-A2AF-A26C942E43BE}.Release|Any CPU.Build.0 = Release|Any CPU
		{66AFDAAB-E3D1-422B-A2AF-A26C942E43BE}.Release|x64.ActiveCfg = Release|Any CPU
		{66AFDAAB-E3D1-422B-A2AF-A26C942E43BE}.Release|x64.Build.0 = Release|Any CPU
		{66AFDAAB-E3D1-422B-A2AF-A26C942E43BE}.Release|x86.ActiveCfg = Release|Any CPU
		{66AFDAAB-E3D1-422B-A2AF-A26C942E43BE}.Release|x86.Build.0 = Release|Any CPU
	EndGlobalSection
EndGlobal
